
Microsoft Visual Studio Solution File, Format Version 12.00
# Visual Studio Version 16
VisualStudioVersion = 16.0.29806.167
MinimumVisualStudioVersion = 10.0.40219.1
Project("{9A19103F-16F7-4668-BE54-9A1E7A4F7556}") = "SendGrid.Service", "SendGrid.Service\SendGrid.Service.csproj", "{45F0BD6E-2DAA-4EF0-8E91-B59FB70C7D57}"
EndProject
Project("{9A19103F-16F7-4668-BE54-9A1E7A4F7556}") = "SendGrid.Test", "SendGrid.Test\SendGrid.Test.csproj", "{35546C33-E573-4D2B-827F-A5E9B74EF809}"
EndProject
Global
	GlobalSection(SolutionConfigurationPlatforms) = preSolution
		Debug|Any CPU = Debug|Any CPU
		Release|Any CPU = Release|Any CPU
	EndGlobalSection
	GlobalSection(ProjectConfigurationPlatforms) = postSolution
		{45F0BD6E-2DAA-4EF0-8E91-B59FB70C7D57}.Debug|Any CPU.ActiveCfg = Debug|Any CPU
		{45F0BD6E-2DAA-4EF0-8E91-B59FB70C7D57}.Debug|Any CPU.Build.0 = Debug|Any CPU
		{45F0BD6E-2DAA-4EF0-8E91-B59FB70C7D57}.Release|Any CPU.ActiveCfg = Release|Any CPU
		{45F0BD6E-2DAA-4EF0-8E91-B59FB70C7D57}.Release|Any CPU.Build.0 = Release|Any CPU
		{35546C33-E573-4D2B-827F-A5E9B74EF809}.Debug|Any CPU.ActiveCfg = Debug|Any CPU
		{35546C33-E573-4D2B-827F-A5E9B74EF809}.Debug|Any CPU.Build.0 = Debug|Any CPU
		{35546C33-E573-4D2B-827F-A5E9B74EF809}.Release|Any CPU.ActiveCfg = Release|Any CPU
		{35546C33-E573-4D2B-827F-A5E9B74EF809}.Release|Any CPU.Build.0 = Release|Any CPU
	EndGlobalSection
	GlobalSection(SolutionProperties) = preSolution
		HideSolutionNode = FALSE
	EndGlobalSection
	GlobalSection(ExtensibilityGlobals) = postSolution
		SolutionGuid = {A474267A-3549-4CB9-8067-2F9AE03810A2}
	EndGlobalSection
EndGlobal
